{
  "name": "clusterpost-list-react",
  "version": "1.0.0",
  "lockfileVersion": 1,
  "requires": true,
  "dependencies": {
    "@sentry-internal/tracing": {
      "version": "7.58.1",
      "resolved": "https://registry.npmjs.org/@sentry-internal/tracing/-/tracing-7.58.1.tgz",
      "integrity": "sha512-kOWKqyjYdDgvO6CacXneE9UrFQHT3BXF1UpCAlnHchW/TqRFmg89sJAEUjEPGzN7y6IaX1G4j2dBPDE0OFQi3w==",
      "requires": {
        "@sentry/core": "7.58.1",
        "@sentry/types": "7.58.1",
        "@sentry/utils": "7.58.1",
        "tslib": "^2.4.1 || ^1.9.3"
      }
    },
    "@sentry/core": {
      "version": "7.58.1",
      "resolved": "https://registry.npmjs.org/@sentry/core/-/core-7.58.1.tgz",
      "integrity": "sha512-hpeB5fZ5T6Jg1CBqz486jHgWuJ5R/HD0wyYX+S3LDDsHCJo6V3TxNuoxYDlTTerRRfZdTwr9GYJXskehpU26IA==",
      "requires": {
        "@sentry/types": "7.58.1",
        "@sentry/utils": "7.58.1",
        "tslib": "^2.4.1 || ^1.9.3"
      }
    },
    "@sentry/node": {
      "version": "7.58.1",
      "resolved": "https://registry.npmjs.org/@sentry/node/-/node-7.58.1.tgz",
      "integrity": "sha512-XsSu0xg5SYcltMbatnRBcIZw9pXwGJoGbYDLuPhhuqBz2mnQ0mQ9Try9dn/agDU7KZzT0IyA1qkPXk0NkMe3rw==",
      "requires": {
        "@sentry-internal/tracing": "7.58.1",
        "@sentry/core": "7.58.1",
        "@sentry/types": "7.58.1",
        "@sentry/utils": "7.58.1",
        "cookie": "^0.4.1",
        "https-proxy-agent": "^5.0.0",
        "lru_map": "^0.3.3",
        "tslib": "^2.4.1 || ^1.9.3"
      }
    },
    "@sentry/types": {
      "version": "7.58.1",
      "resolved": "https://registry.npmjs.org/@sentry/types/-/types-7.58.1.tgz",
      "integrity": "sha512-OnKG+yrilPBeVNQK3biF0u/4IDjwH+boJU1XzJOnYdMRO8uzTWxvaRqpt0C8sVE9VAetRi2eutkzOgCXZISRrw=="
    },
    "@sentry/utils": {
      "version": "7.58.1",
      "resolved": "https://registry.npmjs.org/@sentry/utils/-/utils-7.58.1.tgz",
      "integrity": "sha512-iC9xZJBHp4+MDrZjKwcmMUhI5sTmpUcttwmsJL9HA6ACW+L1XX2eGSDky5pSlhhVFR7q7jJnQ7YUlMQ/jcd8eQ==",
      "requires": {
        "@sentry/types": "7.58.1",
        "tslib": "^2.4.1 || ^1.9.3"
      }
    },
    "agent-base": {
      "version": "6.0.2",
      "resolved": "https://registry.npmjs.org/agent-base/-/agent-base-6.0.2.tgz",
      "integrity": "sha512-RZNwNclF7+MS/8bDg70amg32dyeZGZxiDuQmZxKLAlQjr3jGyLx+4Kkk58UO7D2QdgFIQCovuSuZESne6RG6XQ==",
      "requires": {
        "debug": "4"
      }
    },
    "boolean": {
      "version": "3.2.0",
      "resolved": "https://registry.npmjs.org/boolean/-/boolean-3.2.0.tgz",
      "integrity": "sha512-d0II/GO9uf9lfUHH2BQsjxzRJZBdsjgsBiW4BvhWk/3qoKwQFjIDVN19PfX8F2D/r9PCMTtLWjYVCFrpeYUzsw=="
    },
    "cookie": {
      "version": "0.4.2",
      "resolved": "https://registry.npmjs.org/cookie/-/cookie-0.4.2.tgz",
      "integrity": "sha512-aSWTXFzaKWkvHO1Ny/s+ePFpvKsPnjc551iI41v3ny/ow6tBG5Vd+FuqGNhh1LxOmVzOlGUriIlOaokOvhaStA=="
    },
    "debug": {
      "version": "4.3.4",
      "resolved": "https://registry.npmjs.org/debug/-/debug-4.3.4.tgz",
      "integrity": "sha512-PRWFHuSU3eDtQJPvnNY7Jcket1j0t5OuOsFzPPzsekD52Zl8qUfFIPEiswXqIvHWGVHOgX+7G/vCNNhehwxfkQ==",
      "requires": {
        "ms": "2.1.2"
      }
    },
    "define-properties": {
      "version": "1.2.0",
      "resolved": "https://registry.npmjs.org/define-properties/-/define-properties-1.2.0.tgz",
      "integrity": "sha512-xvqAVKGfT1+UAvPwKTVw/njhdQ8ZhXK4lI0bCIuCMrp2up9nPnaDftrLtmpTazqd1o+UY4zgzU+avtMbDP+ldA==",
      "requires": {
        "has-property-descriptors": "^1.0.0",
        "object-keys": "^1.1.1"
      }
    },
    "detect-node": {
      "version": "2.1.0",
      "resolved": "https://registry.npmjs.org/detect-node/-/detect-node-2.1.0.tgz",
      "integrity": "sha512-T0NIuQpnTvFDATNuHN5roPwSBG83rFsuO+MXXH9/3N1eFbn4wcPjttvjMLEPWJ0RGUYgQE7cGgS3tNxbqCGM7g=="
    },
    "es6-error": {
      "version": "4.1.1",
      "resolved": "https://registry.npmjs.org/es6-error/-/es6-error-4.1.1.tgz",
      "integrity": "sha512-Um/+FxMr9CISWh0bi5Zv0iOD+4cFh5qLeks1qhAopKVAJw3drgKbKySikp7wGhDL0HPeaja0P5ULZrxLkniUVg=="
    },
    "escape-string-regexp": {
      "version": "4.0.0",
      "resolved": "https://registry.npmjs.org/escape-string-regexp/-/escape-string-regexp-4.0.0.tgz",
      "integrity": "sha512-TtpcNJ3XAzx3Gq8sWRzJaVajRs0uVxA2YAkdb1jm2YkPz4G6egUFAyA3n5vtEIZefPk5Wa4UXbKuS5fKkJWdgA=="
    },
    "function-bind": {
      "version": "1.1.1",
      "resolved": "https://registry.npmjs.org/function-bind/-/function-bind-1.1.1.tgz",
      "integrity": "sha512-yIovAzMX49sF8Yl58fSCWJ5svSLuaibPxXQJFLmBObTuCr0Mf1KiPopGM9NiFjiYBCbfaa2Fh6breQ6ANVTI0A=="
    },
    "get-intrinsic": {
      "version": "1.2.1",
      "resolved": "https://registry.npmjs.org/get-intrinsic/-/get-intrinsic-1.2.1.tgz",
      "integrity": "sha512-2DcsyfABl+gVHEfCOaTrWgyt+tb6MSEGmKq+kI5HwLbIYgjgmMcV8KQ41uaKz1xxUcn9tJtgFbQUEVcEbd0FYw==",
      "requires": {
        "function-bind": "^1.1.1",
        "has": "^1.0.3",
        "has-proto": "^1.0.1",
        "has-symbols": "^1.0.3"
      }
    },
    "global-agent": {
      "version": "3.0.0",
      "resolved": "https://registry.npmjs.org/global-agent/-/global-agent-3.0.0.tgz",
      "integrity": "sha512-PT6XReJ+D07JvGoxQMkT6qji/jVNfX/h364XHZOWeRzy64sSFr+xJ5OX7LI3b4MPQzdL4H8Y8M0xzPpsVMwA8Q==",
      "requires": {
        "boolean": "^3.0.1",
        "es6-error": "^4.1.1",
        "matcher": "^3.0.0",
        "roarr": "^2.15.3",
        "semver": "^7.3.2",
        "serialize-error": "^7.0.1"
      }
    },
    "globalthis": {
      "version": "1.0.3",
      "resolved": "https://registry.npmjs.org/globalthis/-/globalthis-1.0.3.tgz",
      "integrity": "sha512-sFdI5LyBiNTHjRd7cGPWapiHWMOXKyuBNX/cWJ3NfzrZQVa8GI/8cofCl74AOVqq9W5kNmguTIzJ/1s2gyI9wA==",
      "requires": {
        "define-properties": "^1.1.3"
      }
    },
    "has": {
      "version": "1.0.3",
      "resolved": "https://registry.npmjs.org/has/-/has-1.0.3.tgz",
      "integrity": "sha512-f2dvO0VU6Oej7RkWJGrehjbzMAjFp5/VKPp5tTpWIV4JHHZK1/BxbFRtf/siA2SWTe09caDmVtYYzWEIbBS4zw==",
      "requires": {
        "function-bind": "^1.1.1"
      }
    },
    "has-property-descriptors": {
      "version": "1.0.0",
      "resolved": "https://registry.npmjs.org/has-property-descriptors/-/has-property-descriptors-1.0.0.tgz",
      "integrity": "sha512-62DVLZGoiEBDHQyqG4w9xCuZ7eJEwNmJRWw2VY84Oedb7WFcA27fiEVe8oUQx9hAUJ4ekurquucTGwsyO1XGdQ==",
      "requires": {
        "get-intrinsic": "^1.1.1"
      }
    },
    "has-proto": {
      "version": "1.0.1",
      "resolved": "https://registry.npmjs.org/has-proto/-/has-proto-1.0.1.tgz",
      "integrity": "sha512-7qE+iP+O+bgF9clE5+UoBFzE65mlBiVj3tKCrlNQ0Ogwm0BjpT/gK4SlLYDMybDh5I3TCTKnPPa0oMG7JDYrhg=="
    },
    "has-symbols": {
      "version": "1.0.3",
      "resolved": "https://registry.npmjs.org/has-symbols/-/has-symbols-1.0.3.tgz",
      "integrity": "sha512-l3LCuF6MgDNwTDKkdYGEihYjt5pRPbEg46rtlmnSPlUbgmB8LOIrKJbYYFBSbnPaJexMKtiPO8hmeRjRz2Td+A=="
    },
    "https-proxy-agent": {
      "version": "5.0.1",
      "resolved": "https://registry.npmjs.org/https-proxy-agent/-/https-proxy-agent-5.0.1.tgz",
      "integrity": "sha512-dFcAjpTQFgoLMzC2VwU+C/CbS7uRL0lWmxDITmqm7C+7F0Odmj6s9l6alZc6AELXhrnggM2CeWSXHGOdX2YtwA==",
      "requires": {
        "agent-base": "6",
        "debug": "4"
      }
    },
    "json-stringify-safe": {
      "version": "5.0.1",
      "resolved": "https://registry.npmjs.org/json-stringify-safe/-/json-stringify-safe-5.0.1.tgz",
      "integrity": "sha512-ZClg6AaYvamvYEE82d3Iyd3vSSIjQ+odgjaTzRuO3s7toCdFKczob2i0zCh7JE8kWn17yvAWhUVxvqGwUalsRA=="
    },
    "lru-cache": {
      "version": "6.0.0",
      "resolved": "https://registry.npmjs.org/lru-cache/-/lru-cache-6.0.0.tgz",
      "integrity": "sha512-Jo6dJ04CmSjuznwJSS3pUeWmd/H0ffTlkXXgwZi+eq1UCmqQwCh+eLsYOYCwY991i2Fah4h1BEMCx4qThGbsiA==",
      "requires": {
        "yallist": "^4.0.0"
      }
    },
    "lru_map": {
      "version": "0.3.3",
      "resolved": "https://registry.npmjs.org/lru_map/-/lru_map-0.3.3.tgz",
      "integrity": "sha512-Pn9cox5CsMYngeDbmChANltQl+5pi6XmTrraMSzhPmMBbmgcxmqWry0U3PGapCU1yB4/LqCcom7qhHZiF/jGfQ=="
    },
    "matcher": {
      "version": "3.0.0",
      "resolved": "https://registry.npmjs.org/matcher/-/matcher-3.0.0.tgz",
      "integrity": "sha512-OkeDaAZ/bQCxeFAozM55PKcKU0yJMPGifLwV4Qgjitu+5MoAfSQN4lsLJeXZ1b8w0x+/Emda6MZgXS1jvsapng==",
      "requires": {
        "escape-string-regexp": "^4.0.0"
      }
    },
    "ms": {
      "version": "2.1.2",
      "resolved": "https://registry.npmjs.org/ms/-/ms-2.1.2.tgz",
      "integrity": "sha512-sGkPx+VjMtmA6MX27oA4FBFELFCZZ4S4XqeGOXCv68tT+jb3vk/RyaKWP0PTKyWtmLSM0b+adUTEvbs1PEaH2w=="
    },
    "object-keys": {
      "version": "1.1.1",
      "resolved": "https://registry.npmjs.org/object-keys/-/object-keys-1.1.1.tgz",
      "integrity": "sha512-NuAESUOUMrlIXOfHKzD6bpPu3tYt3xvjNdRIQ+FeT0lNb4K8WR70CaDxhuNguS2XG+GjkyMwOzsN5ZktImfhLA=="
    },
    "roarr": {
      "version": "2.15.4",
      "resolved": "https://registry.npmjs.org/roarr/-/roarr-2.15.4.tgz",
      "integrity": "sha512-CHhPh+UNHD2GTXNYhPWLnU8ONHdI+5DI+4EYIAOaiD63rHeYlZvyh8P+in5999TTSFgUYuKUAjzRI4mdh/p+2A==",
      "requires": {
        "boolean": "^3.0.1",
        "detect-node": "^2.0.4",
        "globalthis": "^1.0.1",
        "json-stringify-safe": "^5.0.1",
        "semver-compare": "^1.0.0",
        "sprintf-js": "^1.1.2"
      }
    },
    "semver": {
      "version": "7.5.4",
      "resolved": "https://registry.npmjs.org/semver/-/semver-7.5.4.tgz",
      "integrity": "sha512-1bCSESV6Pv+i21Hvpxp3Dx+pSD8lIPt8uVjRrxAUt/nbswYc+tK6Y2btiULjd4+fnq15PX+nqQDC7Oft7WkwcA==",
      "requires": {
        "lru-cache": "^6.0.0"
      }
    },
    "semver-compare": {
      "version": "1.0.0",
      "resolved": "https://registry.npmjs.org/semver-compare/-/semver-compare-1.0.0.tgz",
      "integrity": "sha512-YM3/ITh2MJ5MtzaM429anh+x2jiLVjqILF4m4oyQB18W7Ggea7BfqdH/wGMK7dDiMghv/6WG7znWMwUDzJiXow=="
    },
    "serialize-error": {
      "version": "7.0.1",
      "resolved": "https://registry.npmjs.org/serialize-error/-/serialize-error-7.0.1.tgz",
      "integrity": "sha512-8I8TjW5KMOKsZQTvoxjuSIa7foAwPWGOts+6o7sgjz41/qMD9VQHEDxi6PBvK2l0MXUmqZyNpUK+T2tQaaElvw==",
      "requires": {
        "type-fest": "^0.13.1"
      }
    },
    "snyk": {
      "version": "1.1297.1",
      "requires": {
        "@sentry/node": "^7.36.0",
        "global-agent": "^3.0.0"
      }
    },
    "sprintf-js": {
      "version": "1.1.2",
      "resolved": "https://registry.npmjs.org/sprintf-js/-/sprintf-js-1.1.2.tgz",
      "integrity": "sha512-VE0SOVEHCk7Qc8ulkWw3ntAzXuqf7S2lvwQaDLRnUeIEaKNQJzV6BwmLKhOqT61aGhfUMrXeaBk+oDGCzvhcug=="
    },
    "tslib": {
      "version": "2.6.0",
      "resolved": "https://registry.npmjs.org/tslib/-/tslib-2.6.0.tgz",
      "integrity": "sha512-7At1WUettjcSRHXCyYtTselblcHl9PJFFVKiCAy/bY97+BPZXSQ2wbq0P9s8tK2G7dFQfNnlJnPAiArVBVBsfA=="
    },
    "type-fest": {
      "version": "0.13.1",
      "resolved": "https://registry.npmjs.org/type-fest/-/type-fest-0.13.1.tgz",
      "integrity": "sha512-34R7HTnG0XIJcBSn5XhDd7nNFPRcXYRZrBB2O2jdKqYODldSzBAqzsWoZYYvduky73toYS/ESqxPvkDf/F0XMg=="
    },
    "yallist": {
      "version": "4.0.0",
      "resolved": "https://registry.npmjs.org/yallist/-/yallist-4.0.0.tgz",
      "integrity": "sha512-3wdGidZyq5PB084XLES5TpOSRA3wjXAlIWMhum2kRcv/41Sn2emQ0dycQW4uZXLejwKvg6EsvbdlVL+FYEct7A=="
    }
  }
}