{
  "name": "clusterpost-execution",
  "version": "2.2.1",
  "lockfileVersion": 1,
  "requires": true,
  "dependencies": {
    "@hapi/address": {
      "version": "2.0.0",
      "resolved": "https://registry.npmjs.org/@hapi/address/-/address-2.0.0.tgz",
      "integrity": "sha512-mV6T0IYqb0xL1UALPFplXYQmR0twnXG0M6jUswpquqT2sD12BOiCiLy3EvMp/Fy7s3DZElC4/aPjEjo2jeZpvw=="
    },
    "@hapi/hoek": {
      "version": "6.2.3",
      "resolved": "https://registry.npmjs.org/@hapi/hoek/-/hoek-6.2.3.tgz",
      "integrity": "sha512-CtV9cp35+6Sfh6OfB+AYBozNIorZ6npNJjfO8InIyh/iFQI7uBW9bIApYoYf6TWq9w9BArecw2DDJf7oK+VlRw=="
    },
    "@hapi/joi": {
      "version": "15.0.3",
      "resolved": "https://registry.npmjs.org/@hapi/joi/-/joi-15.0.3.tgz",
      "integrity": "sha512-z6CesJ2YBwgVCi+ci8SI8zixoj8bGFn/vZb9MBPbSyoxsS2PnWYjHcyTM17VLK6tx64YVK38SDIh10hJypB+ig==",
      "requires": {
        "@hapi/address": "2.x.x",
        "@hapi/hoek": "6.x.x",
        "@hapi/topo": "3.x.x"
      }
    },
    "@hapi/topo": {
      "version": "3.1.0",
      "resolved": "https://registry.npmjs.org/@hapi/topo/-/topo-3.1.0.tgz",
      "integrity": "sha512-gZDI/eXOIk8kP2PkUKjWu9RW8GGVd2Hkgjxyr/S7Z+JF+0mr7bAlbw+DkTRxnD580o8Kqxlnba9wvqp5aOHBww==",
      "requires": {
        "@hapi/hoek": "6.x.x"
      }
    },
    "clusterpost-model": {
      "version": "1.17.0",
      "resolved": "https://registry.npmjs.org/clusterpost-model/-/clusterpost-model-1.17.0.tgz",
      "integrity": "sha512-mStkKQ3j2TaVsdfzPXmwH4Uwec0bPI5tY/43XuGJA6hDi8fIyB/45hjD0mabtrsQXWPmlte2l8rKGJ36dgM3RQ==",
      "requires": {
        "@hapi/joi": "^15.0.3"
      }
    },
    "cron-parser": {
      "version": "0.3.6",
      "resolved": "https://registry.npmjs.org/cron-parser/-/cron-parser-0.3.6.tgz",
      "integrity": "sha1-Hkc069X6BU9XZmk8UkaLF9+Wgck="
    },
    "node-crontab": {
      "version": "0.0.8",
      "resolved": "https://registry.npmjs.org/node-crontab/-/node-crontab-0.0.8.tgz",
      "integrity": "sha1-LbFiFBk4PQduzpCDvBhKTp6z7A8=",
      "requires": {
        "cron-parser": "~0.3.3"
      }
    },
    "sax": {
      "version": "1.2.4",
      "resolved": "https://registry.npmjs.org/sax/-/sax-1.2.4.tgz",
      "integrity": "sha1-KBYjTiN4vdxOU1T6tcqold9xANk="
    },
    "xml2js": {
      "version": "0.4.19",
      "resolved": "https://registry.npmjs.org/xml2js/-/xml2js-0.4.19.tgz",
      "integrity": "sha1-aGwg8hMgnpSr8NG88e+qKRx4J6c=",
      "requires": {
        "sax": ">=0.6.0",
        "xmlbuilder": "~9.0.1"
      }
    },
    "xmlbuilder": {
      "version": "9.0.4",
      "resolved": "https://registry.npmjs.org/xmlbuilder/-/xmlbuilder-9.0.4.tgz",
      "integrity": "sha1-UZy0ymhtAFqEINNJbz8MruzKWA8="
    }
  }
}
