{
  "name": "clusterpost-model",
  "version": "1.10.0",
  "lockfileVersion": 1,
  "requires": true,
  "dependencies": {
    "@hapi/address": {
      "version": "2.0.0",
      "resolved": "https://registry.npmjs.org/@hapi/address/-/address-2.0.0.tgz",
      "integrity": "sha512-mV6T0IYqb0xL1UALPFplXYQmR0twnXG0M6jUswpquqT2sD12BOiCiLy3EvMp/Fy7s3DZElC4/aPjEjo2jeZpvw=="
    },
    "@hapi/hoek": {
      "version": "6.2.3",
      "resolved": "https://registry.npmjs.org/@hapi/hoek/-/hoek-6.2.3.tgz",
      "integrity": "sha512-CtV9cp35+6Sfh6OfB+AYBozNIorZ6npNJjfO8InIyh/iFQI7uBW9bIApYoYf6TWq9w9BArecw2DDJf7oK+VlRw=="
    },
    "@hapi/joi": {
      "version": "15.0.3",
      "resolved": "https://registry.npmjs.org/@hapi/joi/-/joi-15.0.3.tgz",
      "integrity": "sha512-z6CesJ2YBwgVCi+ci8SI8zixoj8bGFn/vZb9MBPbSyoxsS2PnWYjHcyTM17VLK6tx64YVK38SDIh10hJypB+ig==",
      "requires": {
        "@hapi/address": "2.x.x",
        "@hapi/hoek": "6.x.x",
        "@hapi/topo": "3.x.x"
      }
    },
    "@hapi/topo": {
      "version": "3.1.0",
      "resolved": "https://registry.npmjs.org/@hapi/topo/-/topo-3.1.0.tgz",
      "integrity": "sha512-gZDI/eXOIk8kP2PkUKjWu9RW8GGVd2Hkgjxyr/S7Z+JF+0mr7bAlbw+DkTRxnD580o8Kqxlnba9wvqp5aOHBww==",
      "requires": {
        "@hapi/hoek": "6.x.x"
      }
    }
  }
}
